<Solution>
  <Folder Name="/src/">
    <Project Path="src/NotificationDispatch.Api/NotificationDispatch.Api.csproj" />
    <Project Path="src/NotificationDispatch.Core/NotificationDispatch.Core.csproj" />
    <Project Path="src/NotificationDispatch.Worker/NotificationDispatch.Worker.csproj" />
  </Folder>
  <Folder Name="/tests/">
    <Project Path="tests/NotificationDispatch.Integration/NotificationDispatch.Integration.csproj" />
  </Folder>
</Solution>
